
Microsoft Visual Studio Solution File, Format Version 12.00
# Visual Studio Version 16
VisualStudioVersion = 16.0.30907.101
MinimumVisualStudioVersion = 10.0.40219.1
Project("{FAE04EC0-301F-11D3-BF4B-00C04F79EFBC}") = "WebReleaseTool", "WebReleaseTool\WebReleaseTool.csproj", "{44458963-020A-415C-80BC-AD3AA643E3A8}"
EndProject
Global
	GlobalSection(SolutionConfigurationPlatforms) = preSolution
		Debug|Any CPU = Debug|Any CPU
		Release|Any CPU = Release|Any CPU
	EndGlobalSection
	GlobalSection(ProjectConfigurationPlatforms) = postSolution
		{44458963-020A-415C-80BC-AD3AA643E3A8}.Debug|Any CPU.ActiveCfg = Debug|Any CPU
		{44458963-020A-415C-80BC-AD3AA643E3A8}.Debug|Any CPU.Build.0 = Debug|Any CPU
		{44458963-020A-415C-80BC-AD3AA643E3A8}.Release|Any CPU.ActiveCfg = Release|Any CPU
		{44458963-020A-415C-80BC-AD3AA643E3A8}.Release|Any CPU.Build.0 = Release|Any CPU
	EndGlobalSection
	GlobalSection(SolutionProperties) = preSolution
		HideSolutionNode = FALSE
	EndGlobalSection
	GlobalSection(ExtensibilityGlobals) = postSolution
		SolutionGuid = {347C8DDE-E945-4CBD-81E9-F0C285194225}
	EndGlobalSection
EndGlobal
